Microsoft Visual Studio Solution File, Format Version 12.00
# Visual Studio Version 17
VisualStudioVersion = 17.5.2.0
MinimumVisualStudioVersion = 10.0.40219.1
Project("{FAE04EC0-301F-11D3-BF4B-00C04F79EFBC}") = "PCInventoryManagement.API", "PCInventoryManagement.API\PCInventoryManagement.API.csproj", "{91F1489C-2FEC-905E-1671-B7E6F9B2C941}"
EndProject
Global
	GlobalSection(SolutionConfigurationPlatforms) = preSolution
		Debug|Any CPU = Debug|Any CPU
		Release|Any CPU = Release|Any CPU
	EndGlobalSection
	GlobalSection(ProjectConfigurationPlatforms) = postSolution
		{91F1489C-2FEC-905E-1671-B7E6F9B2C941}.Debug|Any CPU.ActiveCfg = Debug|Any CPU
		{91F1489C-2FEC-905E-1671-B7E6F9B2C941}.Debug|Any CPU.Build.0 = Debug|Any CPU
		{91F1489C-2FEC-905E-1671-B7E6F9B2C941}.Release|Any CPU.ActiveCfg = Release|Any CPU
		{91F1489C-2FEC-905E-1671-B7E6F9B2C941}.Release|Any CPU.Build.0 = Release|Any CPU
	EndGlobalSection
	GlobalSection(SolutionProperties) = preSolution
		HideSolutionNode = FALSE
	EndGlobalSection
	GlobalSection(ExtensibilityGlobals) = postSolution
		SolutionGuid = {94B9B09D-F829-41DD-BEE0-1E7DFDCBF302}
	EndGlobalSection
EndGlobal
